
Microsoft Visual Studio Solution File, Format Version 12.00
# Visual Studio Version 16
VisualStudioVersion = 16.0.31019.35
MinimumVisualStudioVersion = 10.0.40219.1
Project("{FAE04EC0-301F-11D3-BF4B-00C04F79EFBC}") = "ITMO.ADO.NET.Cntrl.Lab_01_DataReader", "ITMO.ADO.NET.Cntrl.Lab_01_DataReader\ITMO.ADO.NET.Cntrl.Lab_01_DataReader.csproj", "{B8241182-61C8-4A39-B08C-14B7DC41FDE8}"
EndProject
Project("{FAE04EC0-301F-11D3-BF4B-00C04F79EFBC}") = "ITMO.ADO.NET.Cntrl.Lab_02_DataSet", "ITMO.ADO.NET.Cntrl.Lab_02_DataSet\ITMO.ADO.NET.Cntrl.Lab_02_DataSet.csproj", "{963D4ED3-86D4-419B-82C8-F71CFD08113B}"
EndProject
Global
	GlobalSection(SolutionConfigurationPlatforms) = preSolution
		Debug|Any CPU = Debug|Any CPU
		Release|Any CPU = Release|Any CPU
	EndGlobalSection
	GlobalSection(ProjectConfigurationPlatforms) = postSolution
		{B8241182-61C8-4A39-B08C-14B7DC41FDE8}.Debug|Any CPU.ActiveCfg = Debug|Any CPU
		{B8241182-61C8-4A39-B08C-14B7DC41FDE8}.Debug|Any CPU.Build.0 = Debug|Any CPU
		{B8241182-61C8-4A39-B08C-14B7DC41FDE8}.Release|Any CPU.ActiveCfg = Release|Any CPU
		{B8241182-61C8-4A39-B08C-14B7DC41FDE8}.Release|Any CPU.Build.0 = Release|Any CPU
		{963D4ED3-86D4-419B-82C8-F71CFD08113B}.Debug|Any CPU.ActiveCfg = Debug|Any CPU
		{963D4ED3-86D4-419B-82C8-F71CFD08113B}.Debug|Any CPU.Build.0 = Debug|Any CPU
		{963D4ED3-86D4-419B-82C8-F71CFD08113B}.Release|Any CPU.ActiveCfg = Release|Any CPU
		{963D4ED3-86D4-419B-82C8-F71CFD08113B}.Release|Any CPU.Build.0 = Release|Any CPU
	EndGlobalSection
	GlobalSection(SolutionProperties) = preSolution
		HideSolutionNode = FALSE
	EndGlobalSection
	GlobalSection(ExtensibilityGlobals) = postSolution
		SolutionGuid = {90FFDCA7-7B12-48AF-895D-EEEA479D076D}
	EndGlobalSection
EndGlobal
