
Microsoft Visual Studio Solution File, Format Version 12.00
# Visual Studio Version 16
VisualStudioVersion = 16.0.30907.101
MinimumVisualStudioVersion = 10.0.40219.1
Project("{FAE04EC0-301F-11D3-BF4B-00C04F79EFBC}") = "ITMO.ADO.NET.Lab01-02_DBConnection", "ITMO.ADO.NET.Lab01-02_DBConnection\ITMO.ADO.NET.Lab01-02_DBConnection.csproj", "{FEE71627-C867-45B1-9B2C-CBB01AEB3000}"
EndProject
Project("{FAE04EC0-301F-11D3-BF4B-00C04F79EFBC}") = "ITMO.ADO.NET.Lab03_DBCommand", "ITMO.ADO.NET.Lab03_DBCommand\ITMO.ADO.NET.Lab03_DBCommand.csproj", "{A856F56C-F648-4E56-B7F1-D411EBCCD61F}"
EndProject
Project("{FAE04EC0-301F-11D3-BF4B-00C04F79EFBC}") = "ITMO.ADO.NET.Lab04.01_DatasetDesigner", "ITMO.ADO.NET.Lab04.01_DatasetDesigner\ITMO.ADO.NET.Lab04.01_DatasetDesigner.csproj", "{7D38FB07-4BF4-45B9-BB91-2F1412044D06}"
EndProject
Project("{FAE04EC0-301F-11D3-BF4B-00C04F79EFBC}") = "ITMO.ADO.NET.Lab04.02_CreatingDataTable", "ITMO.ADO.NET.Lab04.02_CreatingDataTable\ITMO.ADO.NET.Lab04.02_CreatingDataTable.csproj", "{9BCCB325-ED8B-4DA1-A80B-A7CE11430B89}"
EndProject
Project("{FAE04EC0-301F-11D3-BF4B-00C04F79EFBC}") = "ITMO.ADO.NET.Lab04.03_DataAdapterProgram", "ITMO.ADO.NET.Lab04.03_DataAdapterProgram\ITMO.ADO.NET.Lab04.03_DataAdapterProgram.csproj", "{08469577-2C92-48CA-8D18-7700FDCB6E1D}"
EndProject
Project("{FAE04EC0-301F-11D3-BF4B-00C04F79EFBC}") = "ITMO.ADO.NET.Lab04.04_DataAdapterWizard", "ITMO.ADO.NET.Lab04.04_DataAdapterWizard\ITMO.ADO.NET.Lab04.04_DataAdapterWizard.csproj", "{E068615F-A95E-4A05-9CDB-B84065A3EDC1}"
EndProject
Project("{FAE04EC0-301F-11D3-BF4B-00C04F79EFBC}") = "ITMO.ADO.NET.Lab04.05_WorkingDataTable", "ITMO.ADO.NET.Lab04.05_WorkingDataTable\ITMO.ADO.NET.Lab04.05_WorkingDataTable.csproj", "{1A094E03-CFA5-44FD-8A11-FB0E33F9F7A3}"
EndProject
Project("{FAE04EC0-301F-11D3-BF4B-00C04F79EFBC}") = "ITMO.ADO.NET.Lab04.06_DataViewExample", "ITMO.ADO.NET.Lab04.06_DataViewExample\ITMO.ADO.NET.Lab04.06_DataViewExample.csproj", "{1621CA9D-F40D-4DB6-ADDA-4D9745963BD5}"
EndProject
Project("{FAE04EC0-301F-11D3-BF4B-00C04F79EFBC}") = "ITMO.ADO.NET.Lab05.01_DataSourcesWizard", "ITMO.ADO.NET.Lab05.01_DataSourcesWizard\ITMO.ADO.NET.Lab05.01_DataSourcesWizard.csproj", "{5C4EBB48-0DB4-4A5D-86EE-C08FABBFA7DD}"
EndProject
Project("{FAE04EC0-301F-11D3-BF4B-00C04F79EFBC}") = "ITMO.ADO.NET.Lab05.02_DataBindingSimple", "ITMO.ADO.NET.Lab05.02_DataBindingSimple\ITMO.ADO.NET.Lab05.02_DataBindingSimple.csproj", "{D9C0693B-F89B-495B-886F-4A91F85A42EE}"
EndProject
Project("{FAE04EC0-301F-11D3-BF4B-00C04F79EFBC}") = "ITMO.ADO.NET.Lab05.03_DataBindingComplex", "ITMO.ADO.NET.Lab05.03_DataBindingComplex\ITMO.ADO.NET.Lab05.03_DataBindingComplex.csproj", "{54779E25-AE0E-4AD0-9809-9DC465294AFB}"
EndProject
Project("{FAE04EC0-301F-11D3-BF4B-00C04F79EFBC}") = "ITMO.ADO.NET.Lab05.04_DataGridViewExample", "ITMO.ADO.NET.Lab05.04_DataGridViewExample\ITMO.ADO.NET.Lab05.04_DataGridViewExample.csproj", "{551BAD46-6E90-466B-B12C-31DFB04F9E08}"
EndProject
Global
	GlobalSection(SolutionConfigurationPlatforms) = preSolution
		Debug|Any CPU = Debug|Any CPU
		Release|Any CPU = Release|Any CPU
	EndGlobalSection
	GlobalSection(ProjectConfigurationPlatforms) = postSolution
		{FEE71627-C867-45B1-9B2C-CBB01AEB3000}.Debug|Any CPU.ActiveCfg = Debug|Any CPU
		{FEE71627-C867-45B1-9B2C-CBB01AEB3000}.Debug|Any CPU.Build.0 = Debug|Any CPU
		{FEE71627-C867-45B1-9B2C-CBB01AEB3000}.Release|Any CPU.ActiveCfg = Release|Any CPU
		{FEE71627-C867-45B1-9B2C-CBB01AEB3000}.Release|Any CPU.Build.0 = Release|Any CPU
		{A856F56C-F648-4E56-B7F1-D411EBCCD61F}.Debug|Any CPU.ActiveCfg = Debug|Any CPU
		{A856F56C-F648-4E56-B7F1-D411EBCCD61F}.Debug|Any CPU.Build.0 = Debug|Any CPU
		{A856F56C-F648-4E56-B7F1-D411EBCCD61F}.Release|Any CPU.ActiveCfg = Release|Any CPU
		{A856F56C-F648-4E56-B7F1-D411EBCCD61F}.Release|Any CPU.Build.0 = Release|Any CPU
		{7D38FB07-4BF4-45B9-BB91-2F1412044D06}.Debug|Any CPU.ActiveCfg = Debug|Any CPU
		{7D38FB07-4BF4-45B9-BB91-2F1412044D06}.Debug|Any CPU.Build.0 = Debug|Any CPU
		{7D38FB07-4BF4-45B9-BB91-2F1412044D06}.Release|Any CPU.ActiveCfg = Release|Any CPU
		{7D38FB07-4BF4-45B9-BB91-2F1412044D06}.Release|Any CPU.Build.0 = Release|Any CPU
		{9BCCB325-ED8B-4DA1-A80B-A7CE11430B89}.Debug|Any CPU.ActiveCfg = Debug|Any CPU
		{9BCCB325-ED8B-4DA1-A80B-A7CE11430B89}.Debug|Any CPU.Build.0 = Debug|Any CPU
		{9BCCB325-ED8B-4DA1-A80B-A7CE11430B89}.Release|Any CPU.ActiveCfg = Release|Any CPU
		{9BCCB325-ED8B-4DA1-A80B-A7CE11430B89}.Release|Any CPU.Build.0 = Release|Any CPU
		{08469577-2C92-48CA-8D18-7700FDCB6E1D}.Debug|Any CPU.ActiveCfg = Debug|Any CPU
		{08469577-2C92-48CA-8D18-7700FDCB6E1D}.Debug|Any CPU.Build.0 = Debug|Any CPU
		{08469577-2C92-48CA-8D18-7700FDCB6E1D}.Release|Any CPU.ActiveCfg = Release|Any CPU
		{08469577-2C92-48CA-8D18-7700FDCB6E1D}.Release|Any CPU.Build.0 = Release|Any CPU
		{E068615F-A95E-4A05-9CDB-B84065A3EDC1}.Debug|Any CPU.ActiveCfg = Debug|Any CPU
		{E068615F-A95E-4A05-9CDB-B84065A3EDC1}.Debug|Any CPU.Build.0 = Debug|Any CPU
		{E068615F-A95E-4A05-9CDB-B84065A3EDC1}.Release|Any CPU.ActiveCfg = Release|Any CPU
		{E068615F-A95E-4A05-9CDB-B84065A3EDC1}.Release|Any CPU.Build.0 = Release|Any CPU
		{1A094E03-CFA5-44FD-8A11-FB0E33F9F7A3}.Debug|Any CPU.ActiveCfg = Debug|Any CPU
		{1A094E03-CFA5-44FD-8A11-FB0E33F9F7A3}.Debug|Any CPU.Build.0 = Debug|Any CPU
		{1A094E03-CFA5-44FD-8A11-FB0E33F9F7A3}.Release|Any CPU.ActiveCfg = Release|Any CPU
		{1A094E03-CFA5-44FD-8A11-FB0E33F9F7A3}.Release|Any CPU.Build.0 = Release|Any CPU
		{1621CA9D-F40D-4DB6-ADDA-4D9745963BD5}.Debug|Any CPU.ActiveCfg = Debug|Any CPU
		{1621CA9D-F40D-4DB6-ADDA-4D9745963BD5}.Debug|Any CPU.Build.0 = Debug|Any CPU
		{1621CA9D-F40D-4DB6-ADDA-4D9745963BD5}.Release|Any CPU.ActiveCfg = Release|Any CPU
		{1621CA9D-F40D-4DB6-ADDA-4D9745963BD5}.Release|Any CPU.Build.0 = Release|Any CPU
		{5C4EBB48-0DB4-4A5D-86EE-C08FABBFA7DD}.Debug|Any CPU.ActiveCfg = Debug|Any CPU
		{5C4EBB48-0DB4-4A5D-86EE-C08FABBFA7DD}.Debug|Any CPU.Build.0 = Debug|Any CPU
		{5C4EBB48-0DB4-4A5D-86EE-C08FABBFA7DD}.Release|Any CPU.ActiveCfg = Release|Any CPU
		{5C4EBB48-0DB4-4A5D-86EE-C08FABBFA7DD}.Release|Any CPU.Build.0 = Release|Any CPU
		{D9C0693B-F89B-495B-886F-4A91F85A42EE}.Debug|Any CPU.ActiveCfg = Debug|Any CPU
		{D9C0693B-F89B-495B-886F-4A91F85A42EE}.Debug|Any CPU.Build.0 = Debug|Any CPU
		{D9C0693B-F89B-495B-886F-4A91F85A42EE}.Release|Any CPU.ActiveCfg = Release|Any CPU
		{D9C0693B-F89B-495B-886F-4A91F85A42EE}.Release|Any CPU.Build.0 = Release|Any CPU
		{54779E25-AE0E-4AD0-9809-9DC465294AFB}.Debug|Any CPU.ActiveCfg = Debug|Any CPU
		{54779E25-AE0E-4AD0-9809-9DC465294AFB}.Debug|Any CPU.Build.0 = Debug|Any CPU
		{54779E25-AE0E-4AD0-9809-9DC465294AFB}.Release|Any CPU.ActiveCfg = Release|Any CPU
		{54779E25-AE0E-4AD0-9809-9DC465294AFB}.Release|Any CPU.Build.0 = Release|Any CPU
		{551BAD46-6E90-466B-B12C-31DFB04F9E08}.Debug|Any CPU.ActiveCfg = Debug|Any CPU
		{551BAD46-6E90-466B-B12C-31DFB04F9E08}.Debug|Any CPU.Build.0 = Debug|Any CPU
		{551BAD46-6E90-466B-B12C-31DFB04F9E08}.Release|Any CPU.ActiveCfg = Release|Any CPU
		{551BAD46-6E90-466B-B12C-31DFB04F9E08}.Release|Any CPU.Build.0 = Release|Any CPU
	EndGlobalSection
	GlobalSection(SolutionProperties) = preSolution
		HideSolutionNode = FALSE
	EndGlobalSection
	GlobalSection(ExtensibilityGlobals) = postSolution
		SolutionGuid = {9B0BEA1D-A632-42B1-AAAF-3581BE6A8D89}
	EndGlobalSection
EndGlobal
