
Microsoft Visual Studio Solution File, Format Version 12.00
# Visual Studio Version 16
VisualStudioVersion = 16.0.30907.101
MinimumVisualStudioVersion = 10.0.40219.1
Project("{FAE04EC0-301F-11D3-BF4B-00C04F79EFBC}") = "ITMO.ADO.NET.Lab01-02_DBConnection", "ITMO.ADO.NET.Lab01-02_DBConnection\ITMO.ADO.NET.Lab01-02_DBConnection.csproj", "{FEE71627-C867-45B1-9B2C-CBB01AEB3000}"
EndProject
Project("{FAE04EC0-301F-11D3-BF4B-00C04F79EFBC}") = "ITMO.ADO.NET.Lab03_DBCommand", "ITMO.ADO.NET.Lab03_DBCommand\ITMO.ADO.NET.Lab03_DBCommand.csproj", "{A856F56C-F648-4E56-B7F1-D411EBCCD61F}"
EndProject
Global
	GlobalSection(SolutionConfigurationPlatforms) = preSolution
		Debug|Any CPU = Debug|Any CPU
		Release|Any CPU = Release|Any CPU
	EndGlobalSection
	GlobalSection(ProjectConfigurationPlatforms) = postSolution
		{FEE71627-C867-45B1-9B2C-CBB01AEB3000}.Debug|Any CPU.ActiveCfg = Debug|Any CPU
		{FEE71627-C867-45B1-9B2C-CBB01AEB3000}.Debug|Any CPU.Build.0 = Debug|Any CPU
		{FEE71627-C867-45B1-9B2C-CBB01AEB3000}.Release|Any CPU.ActiveCfg = Release|Any CPU
		{FEE71627-C867-45B1-9B2C-CBB01AEB3000}.Release|Any CPU.Build.0 = Release|Any CPU
		{A856F56C-F648-4E56-B7F1-D411EBCCD61F}.Debug|Any CPU.ActiveCfg = Debug|Any CPU
		{A856F56C-F648-4E56-B7F1-D411EBCCD61F}.Debug|Any CPU.Build.0 = Debug|Any CPU
		{A856F56C-F648-4E56-B7F1-D411EBCCD61F}.Release|Any CPU.ActiveCfg = Release|Any CPU
		{A856F56C-F648-4E56-B7F1-D411EBCCD61F}.Release|Any CPU.Build.0 = Release|Any CPU
	EndGlobalSection
	GlobalSection(SolutionProperties) = preSolution
		HideSolutionNode = FALSE
	EndGlobalSection
	GlobalSection(ExtensibilityGlobals) = postSolution
		SolutionGuid = {9B0BEA1D-A632-42B1-AAAF-3581BE6A8D89}
	EndGlobalSection
EndGlobal
