
Microsoft Visual Studio Solution File, Format Version 12.00
# Visual Studio Version 16
VisualStudioVersion = 16.0.31019.35
MinimumVisualStudioVersion = 10.0.40219.1
Project("{FAE04EC0-301F-11D3-BF4B-00C04F79EFBC}") = "ITMO.ADO.NET.Cntrl.Lab_01_DataReader", "ITMO.ADO.NET.Cntrl.Lab_01_DataReader\ITMO.ADO.NET.Cntrl.Lab_01_DataReader.csproj", "{B8241182-61C8-4A39-B08C-14B7DC41FDE8}"
EndProject
Project("{FAE04EC0-301F-11D3-BF4B-00C04F79EFBC}") = "ITMO.ADO.NET.Cntrl.Lab_02_DataSet", "ITMO.ADO.NET.Cntrl.Lab_02_DataSet\ITMO.ADO.NET.Cntrl.Lab_02_DataSet.csproj", "{963D4ED3-86D4-419B-82C8-F71CFD08113B}"
EndProject
Project("{FAE04EC0-301F-11D3-BF4B-00C04F79EFBC}") = "ITMO.ADO.NET.Cntrl.Lab_03_EDM", "ITMO.ADO.NET.Cntrl.Lab_03_EDM\ITMO.ADO.NET.Cntrl.Lab_03_EDM.csproj", "{ED296294-EC0B-40EC-ABBC-681EFB970CFC}"
EndProject
Project("{FAE04EC0-301F-11D3-BF4B-00C04F79EFBC}") = "ITMO.ADO.NET.Cntrl.Lab_04_CodeFirst", "ITMO.ADO.NET.Cntrl.Lab_04_CodeFirst\ITMO.ADO.NET.Cntrl.Lab_04_CodeFirst.csproj", "{109F999A-8A93-4085-A089-2AF5F88F8789}"
EndProject
Project("{FAE04EC0-301F-11D3-BF4B-00C04F79EFBC}") = "SomeShop", "SomeShop\SomeShop.csproj", "{A9419329-7A0F-4EC9-BC7A-066ECF3C1BCC}"
EndProject
Global
	GlobalSection(SolutionConfigurationPlatforms) = preSolution
		Debug|Any CPU = Debug|Any CPU
		Release|Any CPU = Release|Any CPU
	EndGlobalSection
	GlobalSection(ProjectConfigurationPlatforms) = postSolution
		{B8241182-61C8-4A39-B08C-14B7DC41FDE8}.Debug|Any CPU.ActiveCfg = Debug|Any CPU
		{B8241182-61C8-4A39-B08C-14B7DC41FDE8}.Debug|Any CPU.Build.0 = Debug|Any CPU
		{B8241182-61C8-4A39-B08C-14B7DC41FDE8}.Release|Any CPU.ActiveCfg = Release|Any CPU
		{B8241182-61C8-4A39-B08C-14B7DC41FDE8}.Release|Any CPU.Build.0 = Release|Any CPU
		{963D4ED3-86D4-419B-82C8-F71CFD08113B}.Debug|Any CPU.ActiveCfg = Debug|Any CPU
		{963D4ED3-86D4-419B-82C8-F71CFD08113B}.Debug|Any CPU.Build.0 = Debug|Any CPU
		{963D4ED3-86D4-419B-82C8-F71CFD08113B}.Release|Any CPU.ActiveCfg = Release|Any CPU
		{963D4ED3-86D4-419B-82C8-F71CFD08113B}.Release|Any CPU.Build.0 = Release|Any CPU
		{ED296294-EC0B-40EC-ABBC-681EFB970CFC}.Debug|Any CPU.ActiveCfg = Debug|Any CPU
		{ED296294-EC0B-40EC-ABBC-681EFB970CFC}.Debug|Any CPU.Build.0 = Debug|Any CPU
		{ED296294-EC0B-40EC-ABBC-681EFB970CFC}.Release|Any CPU.ActiveCfg = Release|Any CPU
		{ED296294-EC0B-40EC-ABBC-681EFB970CFC}.Release|Any CPU.Build.0 = Release|Any CPU
		{109F999A-8A93-4085-A089-2AF5F88F8789}.Debug|Any CPU.ActiveCfg = Debug|Any CPU
		{109F999A-8A93-4085-A089-2AF5F88F8789}.Debug|Any CPU.Build.0 = Debug|Any CPU
		{109F999A-8A93-4085-A089-2AF5F88F8789}.Release|Any CPU.ActiveCfg = Release|Any CPU
		{109F999A-8A93-4085-A089-2AF5F88F8789}.Release|Any CPU.Build.0 = Release|Any CPU
		{A9419329-7A0F-4EC9-BC7A-066ECF3C1BCC}.Debug|Any CPU.ActiveCfg = Debug|Any CPU
		{A9419329-7A0F-4EC9-BC7A-066ECF3C1BCC}.Debug|Any CPU.Build.0 = Debug|Any CPU
		{A9419329-7A0F-4EC9-BC7A-066ECF3C1BCC}.Release|Any CPU.ActiveCfg = Release|Any CPU
		{A9419329-7A0F-4EC9-BC7A-066ECF3C1BCC}.Release|Any CPU.Build.0 = Release|Any CPU
	EndGlobalSection
	GlobalSection(SolutionProperties) = preSolution
		HideSolutionNode = FALSE
	EndGlobalSection
	GlobalSection(ExtensibilityGlobals) = postSolution
		SolutionGuid = {90FFDCA7-7B12-48AF-895D-EEEA479D076D}
	EndGlobalSection
EndGlobal
